{
  "pins" : [
    {
      "identity" : "keyboardshortcuts",
      "kind" : "remoteSourceControl",
      "location" : "https://github.com/sindresorhus/KeyboardShortcuts.git",
      "state" : {
        "revision" : "8b1a9ce78c2f35c8a55dcc95897573abd2cc4f6e",
        "version" : "1.13.0"
      }
    }
  ],
  "version" : 2
}
